dependencies:
  espressif/esp-dsp:
    component_hash: ccfd6c9a7799cf66ee044d0239a0e9304431564495d80b3230083c58291a2a23
    dependencies:
    - name: idf
      require: private
      version: '>=4.2'
    source:
      registry_url: https://components.espressif.com/
      type: service
    version: 1.6.4
  idf:
    source:
      type: idf
    version: 5.3.1
direct_dependencies:
- espressif/esp-dsp
- idf
manifest_hash: 1267e341ad66df3ea4c3457b97e121d181b4e6d608ec1d3642e1d62fdbb1e19b
target: esp32s3
version: 2.0.0
